
Microsoft Visual Studio Solution File, Format Version 12.00
# Visual Studio Version 17
VisualStudioVersion = 17.14.36429.23
MinimumVisualStudioVersion = 10.0.40219.1
Project("{8BC9CEB8-8B4A-11D0-8D11-00A0C91BC942}") = "LR3_5", "LR3\LR3.vcxproj", "{6BBCC169-1320-4B01-879B-9244DCA05ADC}"
EndProject
Project("{8BC9CEB8-8B4A-11D0-8D11-00A0C91BC942}") = "LR4", "LR4\LR4.vcxproj", "{1186753B-2471-4FC7-B005-3F00AD014E5E}"
EndProject
Project("{8BC9CEB8-8B4A-11D0-8D11-00A0C91BC942}") = "LR5", "LR5\LR5.vcxproj", "{E5EA48CD-BE45-49BE-AC73-FF311B16B2AB}"
EndProject
Project("{8BC9CEB8-8B4A-11D0-8D11-00A0C91BC942}") = "LR6.1", "LR6\LR6.vcxproj", "{664491AF-C253-4F87-AE1D-1992AEA29356}"
EndProject
Project("{8BC9CEB8-8B4A-11D0-8D11-00A0C91BC942}") = "LR6.23", "LR6.2\LR6.2.vcxproj", "{B40DBCBD-F06D-474E-B465-0894E734D1E9}"
EndProject
Project("{8BC9CEB8-8B4A-11D0-8D11-00A0C91BC942}") = "LR7", "LR7\LR7.vcxproj", "{EBB049D7-8589-4E74-9A10-65B397B5D236}"
EndProject
Project("{8BC9CEB8-8B4A-11D0-8D11-00A0C91BC942}") = "LR8.1", "LR8\LR8.vcxproj", "{DDE3D58F-5500-45EA-B157-6EB57B5C8E76}"
EndProject
Project("{8BC9CEB8-8B4A-11D0-8D11-00A0C91BC942}") = "LR8.2", "LR8.2\LR8.2.vcxproj", "{5B0F83CA-0B3D-47F9-8B4E-080DC82C262F}"
EndProject
Project("{8BC9CEB8-8B4A-11D0-8D11-00A0C91BC942}") = "LR9.1", "LR9.1\LR9.1\LR9.1.vcxproj", "{3248B3A6-2A28-43F9-96B2-C9D8F0C4484B}"
EndProject
Project("{8BC9CEB8-8B4A-11D0-8D11-00A0C91BC942}") = "LR9.2", "LR9.2\LR9.2.vcxproj", "{7BE4823B-F75C-4A6C-ACC1-EB66AFB50EAD}"
EndProject
Project("{8BC9CEB8-8B4A-11D0-8D11-00A0C91BC942}") = "KR", "KR\KR.vcxproj", "{C8915461-8A0C-4AD3-B4F5-9C0AF66C2F92}"
EndProject
Project("{8BC9CEB8-8B4A-11D0-8D11-00A0C91BC942}") = "LR10.1", "LR10.1\LR10.1.vcxproj", "{00A2E97D-B606-4B0C-B7E0-C060BB42DA74}"
EndProject
Project("{8BC9CEB8-8B4A-11D0-8D11-00A0C91BC942}") = "LR10.2", "LR10.2\LR10.2.vcxproj", "{7301053A-B619-45D3-9E9E-B170B70F9894}"
EndProject
Project("{8BC9CEB8-8B4A-11D0-8D11-00A0C91BC942}") = "LR11.1", "LR11.1\LR11.1.vcxproj", "{5C5839A6-8426-469E-834D-A272AD8E0E57}"
EndProject
Project("{8BC9CEB8-8B4A-11D0-8D11-00A0C91BC942}") = "LR11.2", "LR11.2\LR11.2.vcxproj", "{327F04F5-A51C-4785-8B68-B24243197F84}"
EndProject
Project("{8BC9CEB8-8B4A-11D0-8D11-00A0C91BC942}") = "LR12.1", "LR12.1\LR12.1.vcxproj", "{9CB72BDE-2943-4DA1-9F1F-F81CD02F6768}"
EndProject
Project("{8BC9CEB8-8B4A-11D0-8D11-00A0C91BC942}") = "LR12.2", "LR12.2\LR12.2.vcxproj", "{03FAE2ED-B26D-461B-BCBD-7191EBFBC04E}"
EndProject
Global
	GlobalSection(SolutionConfigurationPlatforms) = preSolution
		Debug|ARM64 = Debug|ARM64
		Debug|x64 = Debug|x64
		Debug|x86 = Debug|x86
		Release|ARM64 = Release|ARM64
		Release|x64 = Release|x64
		Release|x86 = Release|x86
	EndGlobalSection
	GlobalSection(ProjectConfigurationPlatforms) = postSolution
		{6BBCC169-1320-4B01-879B-9244DCA05ADC}.Debug|ARM64.ActiveCfg = Debug|ARM64
		{6BBCC169-1320-4B01-879B-9244DCA05ADC}.Debug|ARM64.Build.0 = Debug|ARM64
		{6BBCC169-1320-4B01-879B-9244DCA05ADC}.Debug|x64.ActiveCfg = Debug|x64
		{6BBCC169-1320-4B01-879B-9244DCA05ADC}.Debug|x64.Build.0 = Debug|x64
		{6BBCC169-1320-4B01-879B-9244DCA05ADC}.Debug|x86.ActiveCfg = Debug|Win32
		{6BBCC169-1320-4B01-879B-9244DCA05ADC}.Debug|x86.Build.0 = Debug|Win32
		{6BBCC169-1320-4B01-879B-9244DCA05ADC}.Release|ARM64.ActiveCfg = Release|ARM64
		{6BBCC169-1320-4B01-879B-9244DCA05ADC}.Release|ARM64.Build.0 = Release|ARM64
		{6BBCC169-1320-4B01-879B-9244DCA05ADC}.Release|x64.ActiveCfg = Release|x64
		{6BBCC169-1320-4B01-879B-9244DCA05ADC}.Release|x64.Build.0 = Release|x64
		{6BBCC169-1320-4B01-879B-9244DCA05ADC}.Release|x86.ActiveCfg = Release|Win32
		{6BBCC169-1320-4B01-879B-9244DCA05ADC}.Release|x86.Build.0 = Release|Win32
		{1186753B-2471-4FC7-B005-3F00AD014E5E}.Debug|ARM64.ActiveCfg = Debug|ARM64
		{1186753B-2471-4FC7-B005-3F00AD014E5E}.Debug|ARM64.Build.0 = Debug|ARM64
		{1186753B-2471-4FC7-B005-3F00AD014E5E}.Debug|x64.ActiveCfg = Debug|x64
		{1186753B-2471-4FC7-B005-3F00AD014E5E}.Debug|x64.Build.0 = Debug|x64
		{1186753B-2471-4FC7-B005-3F00AD014E5E}.Debug|x86.ActiveCfg = Debug|Win32
		{1186753B-2471-4FC7-B005-3F00AD014E5E}.Debug|x86.Build.0 = Debug|Win32
		{1186753B-2471-4FC7-B005-3F00AD014E5E}.Release|ARM64.ActiveCfg = Release|ARM64
		{1186753B-2471-4FC7-B005-3F00AD014E5E}.Release|ARM64.Build.0 = Release|ARM64
		{1186753B-2471-4FC7-B005-3F00AD014E5E}.Release|x64.ActiveCfg = Release|x64
		{1186753B-2471-4FC7-B005-3F00AD014E5E}.Release|x64.Build.0 = Release|x64
		{1186753B-2471-4FC7-B005-3F00AD014E5E}.Release|x86.ActiveCfg = Release|Win32
		{1186753B-2471-4FC7-B005-3F00AD014E5E}.Release|x86.Build.0 = Release|Win32
		{E5EA48CD-BE45-49BE-AC73-FF311B16B2AB}.Debug|ARM64.ActiveCfg = Debug|ARM64
		{E5EA48CD-BE45-49BE-AC73-FF311B16B2AB}.Debug|ARM64.Build.0 = Debug|ARM64
		{E5EA48CD-BE45-49BE-AC73-FF311B16B2AB}.Debug|x64.ActiveCfg = Debug|x64
		{E5EA48CD-BE45-49BE-AC73-FF311B16B2AB}.Debug|x64.Build.0 = Debug|x64
		{E5EA48CD-BE45-49BE-AC73-FF311B16B2AB}.Debug|x86.ActiveCfg = Debug|Win32
		{E5EA48CD-BE45-49BE-AC73-FF311B16B2AB}.Debug|x86.Build.0 = Debug|Win32
		{E5EA48CD-BE45-49BE-AC73-FF311B16B2AB}.Release|ARM64.ActiveCfg = Release|ARM64
		{E5EA48CD-BE45-49BE-AC73-FF311B16B2AB}.Release|ARM64.Build.0 = Release|ARM64
		{E5EA48CD-BE45-49BE-AC73-FF311B16B2AB}.Release|x64.ActiveCfg = Release|x64
		{E5EA48CD-BE45-49BE-AC73-FF311B16B2AB}.Release|x64.Build.0 = Release|x64
		{E5EA48CD-BE45-49BE-AC73-FF311B16B2AB}.Release|x86.ActiveCfg = Release|Win32
		{E5EA48CD-BE45-49BE-AC73-FF311B16B2AB}.Release|x86.Build.0 = Release|Win32
		{664491AF-C253-4F87-AE1D-1992AEA29356}.Debug|ARM64.ActiveCfg = Debug|ARM64
		{664491AF-C253-4F87-AE1D-1992AEA29356}.Debug|ARM64.Build.0 = Debug|ARM64
		{664491AF-C253-4F87-AE1D-1992AEA29356}.Debug|x64.ActiveCfg = Debug|x64
		{664491AF-C253-4F87-AE1D-1992AEA29356}.Debug|x64.Build.0 = Debug|x64
		{664491AF-C253-4F87-AE1D-1992AEA29356}.Debug|x86.ActiveCfg = Debug|Win32
		{664491AF-C253-4F87-AE1D-1992AEA29356}.Debug|x86.Build.0 = Debug|Win32
		{664491AF-C253-4F87-AE1D-1992AEA29356}.Release|ARM64.ActiveCfg = Release|ARM64
		{664491AF-C253-4F87-AE1D-1992AEA29356}.Release|ARM64.Build.0 = Release|ARM64
		{664491AF-C253-4F87-AE1D-1992AEA29356}.Release|x64.ActiveCfg = Release|x64
		{664491AF-C253-4F87-AE1D-1992AEA29356}.Release|x64.Build.0 = Release|x64
		{664491AF-C253-4F87-AE1D-1992AEA29356}.Release|x86.ActiveCfg = Release|Win32
		{664491AF-C253-4F87-AE1D-1992AEA29356}.Release|x86.Build.0 = Release|Win32
		{B40DBCBD-F06D-474E-B465-0894E734D1E9}.Debug|ARM64.ActiveCfg = Debug|ARM64
		{B40DBCBD-F06D-474E-B465-0894E734D1E9}.Debug|ARM64.Build.0 = Debug|ARM64
		{B40DBCBD-F06D-474E-B465-0894E734D1E9}.Debug|x64.ActiveCfg = Debug|x64
		{B40DBCBD-F06D-474E-B465-0894E734D1E9}.Debug|x64.Build.0 = Debug|x64
		{B40DBCBD-F06D-474E-B465-0894E734D1E9}.Debug|x86.ActiveCfg = Debug|Win32
		{B40DBCBD-F06D-474E-B465-0894E734D1E9}.Debug|x86.Build.0 = Debug|Win32
		{B40DBCBD-F06D-474E-B465-0894E734D1E9}.Release|ARM64.ActiveCfg = Release|ARM64
		{B40DBCBD-F06D-474E-B465-0894E734D1E9}.Release|ARM64.Build.0 = Release|ARM64
		{B40DBCBD-F06D-474E-B465-0894E734D1E9}.Release|x64.ActiveCfg = Release|x64
		{B40DBCBD-F06D-474E-B465-0894E734D1E9}.Release|x64.Build.0 = Release|x64
		{B40DBCBD-F06D-474E-B465-0894E734D1E9}.Release|x86.ActiveCfg = Release|Win32
		{B40DBCBD-F06D-474E-B465-0894E734D1E9}.Release|x86.Build.0 = Release|Win32
		{EBB049D7-8589-4E74-9A10-65B397B5D236}.Debug|ARM64.ActiveCfg = Debug|ARM64
		{EBB049D7-8589-4E74-9A10-65B397B5D236}.Debug|ARM64.Build.0 = Debug|ARM64
		{EBB049D7-8589-4E74-9A10-65B397B5D236}.Debug|x64.ActiveCfg = Debug|x64
		{EBB049D7-8589-4E74-9A10-65B397B5D236}.Debug|x64.Build.0 = Debug|x64
		{EBB049D7-8589-4E74-9A10-65B397B5D236}.Debug|x86.ActiveCfg = Debug|Win32
		{EBB049D7-8589-4E74-9A10-65B397B5D236}.Debug|x86.Build.0 = Debug|Win32
		{EBB049D7-8589-4E74-9A10-65B397B5D236}.Release|ARM64.ActiveCfg = Release|ARM64
		{EBB049D7-8589-4E74-9A10-65B397B5D236}.Release|ARM64.Build.0 = Release|ARM64
		{EBB049D7-8589-4E74-9A10-65B397B5D236}.Release|x64.ActiveCfg = Release|x64
		{EBB049D7-8589-4E74-9A10-65B397B5D236}.Release|x64.Build.0 = Release|x64
		{EBB049D7-8589-4E74-9A10-65B397B5D236}.Release|x86.ActiveCfg = Release|Win32
		{EBB049D7-8589-4E74-9A10-65B397B5D236}.Release|x86.Build.0 = Release|Win32
		{DDE3D58F-5500-45EA-B157-6EB57B5C8E76}.Debug|ARM64.ActiveCfg = Debug|ARM64
		{DDE3D58F-5500-45EA-B157-6EB57B5C8E76}.Debug|ARM64.Build.0 = Debug|ARM64
		{DDE3D58F-5500-45EA-B157-6EB57B5C8E76}.Debug|x64.ActiveCfg = Debug|x64
		{DDE3D58F-5500-45EA-B157-6EB57B5C8E76}.Debug|x64.Build.0 = Debug|x64
		{DDE3D58F-5500-45EA-B157-6EB57B5C8E76}.Debug|x86.ActiveCfg = Debug|Win32
		{DDE3D58F-5500-45EA-B157-6EB57B5C8E76}.Debug|x86.Build.0 = Debug|Win32
		{DDE3D58F-5500-45EA-B157-6EB57B5C8E76}.Release|ARM64.ActiveCfg = Release|ARM64
		{DDE3D58F-5500-45EA-B157-6EB57B5C8E76}.Release|ARM64.Build.0 = Release|ARM64
		{DDE3D58F-5500-45EA-B157-6EB57B5C8E76}.Release|x64.ActiveCfg = Release|x64
		{DDE3D58F-5500-45EA-B157-6EB57B5C8E76}.Release|x64.Build.0 = Release|x64
		{DDE3D58F-5500-45EA-B157-6EB57B5C8E76}.Release|x86.ActiveCfg = Release|Win32
		{DDE3D58F-5500-45EA-B157-6EB57B5C8E76}.Release|x86.Build.0 = Release|Win32
		{5B0F83CA-0B3D-47F9-8B4E-080DC82C262F}.Debug|ARM64.ActiveCfg = Debug|ARM64
		{5B0F83CA-0B3D-47F9-8B4E-080DC82C262F}.Debug|ARM64.Build.0 = Debug|ARM64
		{5B0F83CA-0B3D-47F9-8B4E-080DC82C262F}.Debug|x64.ActiveCfg = Debug|x64
		{5B0F83CA-0B3D-47F9-8B4E-080DC82C262F}.Debug|x64.Build.0 = Debug|x64
		{5B0F83CA-0B3D-47F9-8B4E-080DC82C262F}.Debug|x86.ActiveCfg = Debug|Win32
		{5B0F83CA-0B3D-47F9-8B4E-080DC82C262F}.Debug|x86.Build.0 = Debug|Win32
		{5B0F83CA-0B3D-47F9-8B4E-080DC82C262F}.Release|ARM64.ActiveCfg = Release|ARM64
		{5B0F83CA-0B3D-47F9-8B4E-080DC82C262F}.Release|ARM64.Build.0 = Release|ARM64
		{5B0F83CA-0B3D-47F9-8B4E-080DC82C262F}.Release|x64.ActiveCfg = Release|x64
		{5B0F83CA-0B3D-47F9-8B4E-080DC82C262F}.Release|x64.Build.0 = Release|x64
		{5B0F83CA-0B3D-47F9-8B4E-080DC82C262F}.Release|x86.ActiveCfg = Release|Win32
		{5B0F83CA-0B3D-47F9-8B4E-080DC82C262F}.Release|x86.Build.0 = Release|Win32
		{3248B3A6-2A28-43F9-96B2-C9D8F0C4484B}.Debug|ARM64.ActiveCfg = Debug|ARM64
		{3248B3A6-2A28-43F9-96B2-C9D8F0C4484B}.Debug|ARM64.Build.0 = Debug|ARM64
		{3248B3A6-2A28-43F9-96B2-C9D8F0C4484B}.Debug|x64.ActiveCfg = Debug|x64
		{3248B3A6-2A28-43F9-96B2-C9D8F0C4484B}.Debug|x64.Build.0 = Debug|x64
		{3248B3A6-2A28-43F9-96B2-C9D8F0C4484B}.Debug|x86.ActiveCfg = Debug|Win32
		{3248B3A6-2A28-43F9-96B2-C9D8F0C4484B}.Debug|x86.Build.0 = Debug|Win32
		{3248B3A6-2A28-43F9-96B2-C9D8F0C4484B}.Release|ARM64.ActiveCfg = Release|ARM64
		{3248B3A6-2A28-43F9-96B2-C9D8F0C4484B}.Release|ARM64.Build.0 = Release|ARM64
		{3248B3A6-2A28-43F9-96B2-C9D8F0C4484B}.Release|x64.ActiveCfg = Release|x64
		{3248B3A6-2A28-43F9-96B2-C9D8F0C4484B}.Release|x64.Build.0 = Release|x64
		{3248B3A6-2A28-43F9-96B2-C9D8F0C4484B}.Release|x86.ActiveCfg = Release|Win32
		{3248B3A6-2A28-43F9-96B2-C9D8F0C4484B}.Release|x86.Build.0 = Release|Win32
		{7BE4823B-F75C-4A6C-ACC1-EB66AFB50EAD}.Debug|ARM64.ActiveCfg = Debug|ARM64
		{7BE4823B-F75C-4A6C-ACC1-EB66AFB50EAD}.Debug|ARM64.Build.0 = Debug|ARM64
		{7BE4823B-F75C-4A6C-ACC1-EB66AFB50EAD}.Debug|x64.ActiveCfg = Debug|x64
		{7BE4823B-F75C-4A6C-ACC1-EB66AFB50EAD}.Debug|x64.Build.0 = Debug|x64
		{7BE4823B-F75C-4A6C-ACC1-EB66AFB50EAD}.Debug|x86.ActiveCfg = Debug|Win32
		{7BE4823B-F75C-4A6C-ACC1-EB66AFB50EAD}.Debug|x86.Build.0 = Debug|Win32
		{7BE4823B-F75C-4A6C-ACC1-EB66AFB50EAD}.Release|ARM64.ActiveCfg = Release|ARM64
		{7BE4823B-F75C-4A6C-ACC1-EB66AFB50EAD}.Release|ARM64.Build.0 = Release|ARM64
		{7BE4823B-F75C-4A6C-ACC1-EB66AFB50EAD}.Release|x64.ActiveCfg = Release|x64
		{7BE4823B-F75C-4A6C-ACC1-EB66AFB50EAD}.Release|x64.Build.0 = Release|x64
		{7BE4823B-F75C-4A6C-ACC1-EB66AFB50EAD}.Release|x86.ActiveCfg = Release|Win32
		{7BE4823B-F75C-4A6C-ACC1-EB66AFB50EAD}.Release|x86.Build.0 = Release|Win32
		{C8915461-8A0C-4AD3-B4F5-9C0AF66C2F92}.Debug|ARM64.ActiveCfg = Debug|ARM64
		{C8915461-8A0C-4AD3-B4F5-9C0AF66C2F92}.Debug|ARM64.Build.0 = Debug|ARM64
		{C8915461-8A0C-4AD3-B4F5-9C0AF66C2F92}.Debug|x64.ActiveCfg = Debug|x64
		{C8915461-8A0C-4AD3-B4F5-9C0AF66C2F92}.Debug|x64.Build.0 = Debug|x64
		{C8915461-8A0C-4AD3-B4F5-9C0AF66C2F92}.Debug|x86.ActiveCfg = Debug|Win32
		{C8915461-8A0C-4AD3-B4F5-9C0AF66C2F92}.Debug|x86.Build.0 = Debug|Win32
		{C8915461-8A0C-4AD3-B4F5-9C0AF66C2F92}.Release|ARM64.ActiveCfg = Release|ARM64
		{C8915461-8A0C-4AD3-B4F5-9C0AF66C2F92}.Release|ARM64.Build.0 = Release|ARM64
		{C8915461-8A0C-4AD3-B4F5-9C0AF66C2F92}.Release|x64.ActiveCfg = Release|x64
		{C8915461-8A0C-4AD3-B4F5-9C0AF66C2F92}.Release|x64.Build.0 = Release|x64
		{C8915461-8A0C-4AD3-B4F5-9C0AF66C2F92}.Release|x86.ActiveCfg = Release|Win32
		{C8915461-8A0C-4AD3-B4F5-9C0AF66C2F92}.Release|x86.Build.0 = Release|Win32
		{00A2E97D-B606-4B0C-B7E0-C060BB42DA74}.Debug|ARM64.ActiveCfg = Debug|ARM64
		{00A2E97D-B606-4B0C-B7E0-C060BB42DA74}.Debug|ARM64.Build.0 = Debug|ARM64
		{00A2E97D-B606-4B0C-B7E0-C060BB42DA74}.Debug|x64.ActiveCfg = Debug|x64
		{00A2E97D-B606-4B0C-B7E0-C060BB42DA74}.Debug|x64.Build.0 = Debug|x64
		{00A2E97D-B606-4B0C-B7E0-C060BB42DA74}.Debug|x86.ActiveCfg = Debug|Win32
		{00A2E97D-B606-4B0C-B7E0-C060BB42DA74}.Debug|x86.Build.0 = Debug|Win32
		{00A2E97D-B606-4B0C-B7E0-C060BB42DA74}.Release|ARM64.ActiveCfg = Release|ARM64
		{00A2E97D-B606-4B0C-B7E0-C060BB42DA74}.Release|ARM64.Build.0 = Release|ARM64
		{00A2E97D-B606-4B0C-B7E0-C060BB42DA74}.Release|x64.ActiveCfg = Release|x64
		{00A2E97D-B606-4B0C-B7E0-C060BB42DA74}.Release|x64.Build.0 = Release|x64
		{00A2E97D-B606-4B0C-B7E0-C060BB42DA74}.Release|x86.ActiveCfg = Release|Win32
		{00A2E97D-B606-4B0C-B7E0-C060BB42DA74}.Release|x86.Build.0 = Release|Win32
		{7301053A-B619-45D3-9E9E-B170B70F9894}.Debug|ARM64.ActiveCfg = Debug|ARM64
		{7301053A-B619-45D3-9E9E-B170B70F9894}.Debug|ARM64.Build.0 = Debug|ARM64
		{7301053A-B619-45D3-9E9E-B170B70F9894}.Debug|x64.ActiveCfg = Debug|x64
		{7301053A-B619-45D3-9E9E-B170B70F9894}.Debug|x64.Build.0 = Debug|x64
		{7301053A-B619-45D3-9E9E-B170B70F9894}.Debug|x86.ActiveCfg = Debug|Win32
		{7301053A-B619-45D3-9E9E-B170B70F9894}.Debug|x86.Build.0 = Debug|Win32
		{7301053A-B619-45D3-9E9E-B170B70F9894}.Release|ARM64.ActiveCfg = Release|ARM64
		{7301053A-B619-45D3-9E9E-B170B70F9894}.Release|ARM64.Build.0 = Release|ARM64
		{7301053A-B619-45D3-9E9E-B170B70F9894}.Release|x64.ActiveCfg = Release|x64
		{7301053A-B619-45D3-9E9E-B170B70F9894}.Release|x64.Build.0 = Release|x64
		{7301053A-B619-45D3-9E9E-B170B70F9894}.Release|x86.ActiveCfg = Release|Win32
		{7301053A-B619-45D3-9E9E-B170B70F9894}.Release|x86.Build.0 = Release|Win32
		{5C5839A6-8426-469E-834D-A272AD8E0E57}.Debug|ARM64.ActiveCfg = Debug|ARM64
		{5C5839A6-8426-469E-834D-A272AD8E0E57}.Debug|ARM64.Build.0 = Debug|ARM64
		{5C5839A6-8426-469E-834D-A272AD8E0E57}.Debug|x64.ActiveCfg = Debug|x64
		{5C5839A6-8426-469E-834D-A272AD8E0E57}.Debug|x64.Build.0 = Debug|x64
		{5C5839A6-8426-469E-834D-A272AD8E0E57}.Debug|x86.ActiveCfg = Debug|Win32
		{5C5839A6-8426-469E-834D-A272AD8E0E57}.Debug|x86.Build.0 = Debug|Win32
		{5C5839A6-8426-469E-834D-A272AD8E0E57}.Release|ARM64.ActiveCfg = Release|ARM64
		{5C5839A6-8426-469E-834D-A272AD8E0E57}.Release|ARM64.Build.0 = Release|ARM64
		{5C5839A6-8426-469E-834D-A272AD8E0E57}.Release|x64.ActiveCfg = Release|x64
		{5C5839A6-8426-469E-834D-A272AD8E0E57}.Release|x64.Build.0 = Release|x64
		{5C5839A6-8426-469E-834D-A272AD8E0E57}.Release|x86.ActiveCfg = Release|Win32
		{5C5839A6-8426-469E-834D-A272AD8E0E57}.Release|x86.Build.0 = Release|Win32
		{327F04F5-A51C-4785-8B68-B24243197F84}.Debug|ARM64.ActiveCfg = Debug|ARM64
		{327F04F5-A51C-4785-8B68-B24243197F84}.Debug|ARM64.Build.0 = Debug|ARM64
		{327F04F5-A51C-4785-8B68-B24243197F84}.Debug|x64.ActiveCfg = Debug|x64
		{327F04F5-A51C-4785-8B68-B24243197F84}.Debug|x64.Build.0 = Debug|x64
		{327F04F5-A51C-4785-8B68-B24243197F84}.Debug|x86.ActiveCfg = Debug|Win32
		{327F04F5-A51C-4785-8B68-B24243197F84}.Debug|x86.Build.0 = Debug|Win32
		{327F04F5-A51C-4785-8B68-B24243197F84}.Release|ARM64.ActiveCfg = Release|ARM64
		{327F04F5-A51C-4785-8B68-B24243197F84}.Release|ARM64.Build.0 = Release|ARM64
		{327F04F5-A51C-4785-8B68-B24243197F84}.Release|x64.ActiveCfg = Release|x64
		{327F04F5-A51C-4785-8B68-B24243197F84}.Release|x64.Build.0 = Release|x64
		{327F04F5-A51C-4785-8B68-B24243197F84}.Release|x86.ActiveCfg = Release|Win32
		{327F04F5-A51C-4785-8B68-B24243197F84}.Release|x86.Build.0 = Release|Win32
		{9CB72BDE-2943-4DA1-9F1F-F81CD02F6768}.Debug|ARM64.ActiveCfg = Debug|ARM64
		{9CB72BDE-2943-4DA1-9F1F-F81CD02F6768}.Debug|ARM64.Build.0 = Debug|ARM64
		{9CB72BDE-2943-4DA1-9F1F-F81CD02F6768}.Debug|x64.ActiveCfg = Debug|x64
		{9CB72BDE-2943-4DA1-9F1F-F81CD02F6768}.Debug|x64.Build.0 = Debug|x64
		{9CB72BDE-2943-4DA1-9F1F-F81CD02F6768}.Debug|x86.ActiveCfg = Debug|Win32
		{9CB72BDE-2943-4DA1-9F1F-F81CD02F6768}.Debug|x86.Build.0 = Debug|Win32
		{9CB72BDE-2943-4DA1-9F1F-F81CD02F6768}.Release|ARM64.ActiveCfg = Release|ARM64
		{9CB72BDE-2943-4DA1-9F1F-F81CD02F6768}.Release|ARM64.Build.0 = Release|ARM64
		{9CB72BDE-2943-4DA1-9F1F-F81CD02F6768}.Release|x64.ActiveCfg = Release|x64
		{9CB72BDE-2943-4DA1-9F1F-F81CD02F6768}.Release|x64.Build.0 = Release|x64
		{9CB72BDE-2943-4DA1-9F1F-F81CD02F6768}.Release|x86.ActiveCfg = Release|Win32
		{9CB72BDE-2943-4DA1-9F1F-F81CD02F6768}.Release|x86.Build.0 = Release|Win32
		{03FAE2ED-B26D-461B-BCBD-7191EBFBC04E}.Debug|ARM64.ActiveCfg = Debug|ARM64
		{03FAE2ED-B26D-461B-BCBD-7191EBFBC04E}.Debug|ARM64.Build.0 = Debug|ARM64
		{03FAE2ED-B26D-461B-BCBD-7191EBFBC04E}.Debug|x64.ActiveCfg = Debug|x64
		{03FAE2ED-B26D-461B-BCBD-7191EBFBC04E}.Debug|x64.Build.0 = Debug|x64
		{03FAE2ED-B26D-461B-BCBD-7191EBFBC04E}.Debug|x86.ActiveCfg = Debug|Win32
		{03FAE2ED-B26D-461B-BCBD-7191EBFBC04E}.Debug|x86.Build.0 = Debug|Win32
		{03FAE2ED-B26D-461B-BCBD-7191EBFBC04E}.Release|ARM64.ActiveCfg = Release|ARM64
		{03FAE2ED-B26D-461B-BCBD-7191EBFBC04E}.Release|ARM64.Build.0 = Release|ARM64
		{03FAE2ED-B26D-461B-BCBD-7191EBFBC04E}.Release|x64.ActiveCfg = Release|x64
		{03FAE2ED-B26D-461B-BCBD-7191EBFBC04E}.Release|x64.Build.0 = Release|x64
		{03FAE2ED-B26D-461B-BCBD-7191EBFBC04E}.Release|x86.ActiveCfg = Release|Win32
		{03FAE2ED-B26D-461B-BCBD-7191EBFBC04E}.Release|x86.Build.0 = Release|Win32
	EndGlobalSection
	GlobalSection(SolutionProperties) = preSolution
		HideSolutionNode = FALSE
	EndGlobalSection
	GlobalSection(ExtensibilityGlobals) = postSolution
		SolutionGuid = {B3512EF5-5A93-4C47-8DC2-863935C726E3}
	EndGlobalSection
EndGlobal
